
Microsoft Visual Studio Solution File, Format Version 12.00
# Visual Studio 15
VisualStudioVersion = 15.0.27130.2010
MinimumVisualStudioVersion = 10.0.40219.1
Project("{FAE04EC0-301F-11D3-BF4B-00C04F79EFBC}") = "DesignPattern.CSharpDemos", "DesignPattern.CSharpDemos\DesignPattern.CSharpDemos.csproj", "{D8741F3D-3698-4FDB-92C7-A2F6796F8835}"
EndProject
Global
	GlobalSection(SolutionConfigurationPlatforms) = preSolution
		Debug|Any CPU = Debug|Any CPU
		Release|Any CPU = Release|Any CPU
	EndGlobalSection
	GlobalSection(ProjectConfigurationPlatforms) = postSolution
		{D8741F3D-3698-4FDB-92C7-A2F6796F8835}.Debug|Any CPU.ActiveCfg = Debug|Any CPU
		{D8741F3D-3698-4FDB-92C7-A2F6796F8835}.Debug|Any CPU.Build.0 = Debug|Any CPU
		{D8741F3D-3698-4FDB-92C7-A2F6796F8835}.Release|Any CPU.ActiveCfg = Release|Any CPU
		{D8741F3D-3698-4FDB-92C7-A2F6796F8835}.Release|Any CPU.Build.0 = Release|Any CPU
	EndGlobalSection
	GlobalSection(SolutionProperties) = preSolution
		HideSolutionNode = FALSE
	EndGlobalSection
	GlobalSection(ExtensibilityGlobals) = postSolution
		SolutionGuid = {8A27E443-D855-445C-9FC3-57F167F5F547}
	EndGlobalSection
EndGlobal
